{
  "requires": true,
  "lockfileVersion": 1,
  "dependencies": {
    "body-parser": {
      "version": "1.19.0",
      "resolved": "http://artifactory.cobalt.com:80/artifactory/api/npm/npm-repo/body-parser/-/body-parser-1.19.0.tgz",
      "integrity": "sha1-lrJwnlfJxOCab9Zqj9l5hE9p8Io=",
      "requires": {
        "bytes": "3.1.0",
        "content-type": "~1.0.4",
        "debug": "2.6.9",
        "depd": "~1.1.2",
        "http-errors": "1.7.2",
        "iconv-lite": "0.4.24",
        "on-finished": "~2.3.0",
        "qs": "6.7.0",
        "raw-body": "2.4.0",
        "type-is": "~1.6.17"
      }
    },
    "bytes": {
      "version": "3.1.0",
      "resolved": "http://artifactory.cobalt.com:80/artifactory/api/npm/npm-repo/bytes/-/bytes-3.1.0.tgz",
      "integrity": "sha1-9s95M6Ng4FiPqf3oVlHNx/gF0fY="
    },
    "content-type": {
      "version": "1.0.4",
      "resolved": "http://artifactory.cobalt.com:80/artifactory/api/npm/npm-repo/content-type/-/content-type-1.0.4.tgz",
      "integrity": "sha1-4TjMdeBAxyexlm/l5fjJruJW/js="
    },
    "debug": {
      "version": "2.6.9",
      "resolved": "http://artifactory.cobalt.com:80/artifactory/api/npm/npm-repo/debug/-/debug-2.6.9.tgz",
      "integrity": "sha1-XRKFFd8TT/Mn6QpMk/Tgd6U2NB8=",
      "requires": {
        "ms": "2.0.0"
      }
    },
    "depd": {
      "version": "1.1.2",
      "resolved": "http://artifactory.cobalt.com:80/artifactory/api/npm/npm-repo/depd/-/depd-1.1.2.tgz",
      "integrity": "sha1-m81S4UwJd2PnSbJ0xDRu0uVgtak="
    },
    "ee-first": {
      "version": "1.1.1",
      "resolved": "http://artifactory.cobalt.com:80/artifactory/api/npm/npm-repo/ee-first/-/ee-first-1.1.1.tgz",
      "integrity": "sha1-WQxhFWsK4vTwJVcyoViyZrxWsh0="
    },
    "http-errors": {
      "version": "1.7.2",
      "resolved": "http://artifactory.cobalt.com:80/artifactory/api/npm/npm-repo/http-errors/-/http-errors-1.7.2.tgz",
      "integrity": "sha1-T1ApzxMjnzEDblsuVSkrz7zIXI8=",
      "requires": {
        "depd": "~1.1.2",
        "inherits": "2.0.3",
        "setprototypeof": "1.1.1",
        "statuses": ">= 1.5.0 < 2",
        "toidentifier": "1.0.0"
      }
    },
    "iconv-lite": {
      "version": "0.4.24",
      "resolved": "http://artifactory.cobalt.com:80/artifactory/api/npm/npm-repo/iconv-lite/-/iconv-lite-0.4.24.tgz",
      "integrity": "sha1-ICK0sl+93CHS9SSXSkdKr+czkIs=",
      "requires": {
        "safer-buffer": ">= 2.1.2 < 3"
      }
    },
    "inherits": {
      "version": "2.0.3",
      "resolved": "http://artifactory.cobalt.com:80/artifactory/api/npm/npm-repo/inherits/-/inherits-2.0.3.tgz",
      "integrity": "sha1-Yzwsg+PaQqUC9SRmAiSA9CCCYd4="
    },
    "media-typer": {
      "version": "0.3.0",
      "resolved": "http://artifactory.cobalt.com:80/artifactory/api/npm/npm-repo/media-typer/-/media-typer-0.3.0.tgz",
      "integrity": "sha1-hxDXrwqmJvj/+hzgAWhUUmMlV0g="
    },
    "mime-db": {
      "version": "1.47.0",
      "resolved": "http://artifactory.cobalt.com:80/artifactory/api/npm/npm-repo/mime-db/-/mime-db-1.47.0.tgz",
      "integrity": "sha1-jLMT5Zll08Bc+/iYkVomevRqM1w="
    },
    "mime-types": {
      "version": "2.1.30",
      "resolved": "http://artifactory.cobalt.com:80/artifactory/api/npm/npm-repo/mime-types/-/mime-types-2.1.30.tgz",
      "integrity": "sha1-bnvotMR5gl+F7WMmaV23P5MF1i0=",
      "requires": {
        "mime-db": "1.47.0"
      }
    },
    "ms": {
      "version": "2.0.0",
      "resolved": "http://artifactory.cobalt.com:80/artifactory/api/npm/npm-repo/ms/-/ms-2.0.0.tgz",
      "integrity": "sha1-VgiurfwAvmwpAd9fmGF4jeDVl8g="
    },
    "on-finished": {
      "version": "2.3.0",
      "resolved": "http://artifactory.cobalt.com:80/artifactory/api/npm/npm-repo/on-finished/-/on-finished-2.3.0.tgz",
      "integrity": "sha1-IPEzZIGwg811M3mSoWlxqi2QaUc=",
      "requires": {
        "ee-first": "1.1.1"
      }
    },
    "qs": {
      "version": "6.7.0",
      "resolved": "http://artifactory.cobalt.com:80/artifactory/api/npm/npm-repo/qs/-/qs-6.7.0.tgz",
      "integrity": "sha1-QdwaAV49WB8WIXdr4xr7KHapsbw="
    },
    "raw-body": {
      "version": "2.4.0",
      "resolved": "http://artifactory.cobalt.com:80/artifactory/api/npm/npm-repo/raw-body/-/raw-body-2.4.0.tgz",
      "integrity": "sha1-oc5vucm8NWylLoklarWQWeE9AzI=",
      "requires": {
        "bytes": "3.1.0",
        "http-errors": "1.7.2",
        "iconv-lite": "0.4.24",
        "unpipe": "1.0.0"
      }
    },
    "safer-buffer": {
      "version": "2.1.2",
      "resolved": "http://artifactory.cobalt.com:80/artifactory/api/npm/npm-repo/safer-buffer/-/safer-buffer-2.1.2.tgz",
      "integrity": "sha1-RPoWGwGHuVSd2Eu5GAL5vYOFzWo="
    },
    "setprototypeof": {
      "version": "1.1.1",
      "resolved": "http://artifactory.cobalt.com:80/artifactory/api/npm/npm-repo/setprototypeof/-/setprototypeof-1.1.1.tgz",
      "integrity": "sha1-fpWsskqpL1iF4KvvW6ExMw1K5oM="
    },
    "statuses": {
      "version": "1.5.0",
      "resolved": "http://artifactory.cobalt.com:80/artifactory/api/npm/npm-repo/statuses/-/statuses-1.5.0.tgz",
      "integrity": "sha1-Fhx9rBd2Wf2YEfQ3cfqZOBR4Yow="
    },
    "toidentifier": {
      "version": "1.0.0",
      "resolved": "http://artifactory.cobalt.com:80/artifactory/api/npm/npm-repo/toidentifier/-/toidentifier-1.0.0.tgz",
      "integrity": "sha1-fhvjRw8ed5SLxD2Uo8j013UrpVM="
    },
    "type-is": {
      "version": "1.6.18",
      "resolved": "http://artifactory.cobalt.com:80/artifactory/api/npm/npm-repo/type-is/-/type-is-1.6.18.tgz",
      "integrity": "sha1-TlUs0F3wlGfcvE73Od6J8s83wTE=",
      "requires": {
        "media-typer": "0.3.0",
        "mime-types": "~2.1.24"
      }
    },
    "unpipe": {
      "version": "1.0.0",
      "resolved": "http://artifactory.cobalt.com:80/artifactory/api/npm/npm-repo/unpipe/-/unpipe-1.0.0.tgz",
      "integrity": "sha1-sr9O6FFKrmFltIF4KdIbLvSZBOw="
    }
  }
}
